
Microsoft Visual Studio Solution File, Format Version 12.00
# Visual Studio Version 17
VisualStudioVersion = 17.4.33122.133
MinimumVisualStudioVersion = 10.0.40219.1
Project("{2150E333-8FDC-42A3-9474-1A3956D46DE8}") = "PMA_IdentityService", "PMA_IdentityService", "{01EB6E15-7075-43FD-B51A-E7D30A580417}"
EndProject
Project("{9A19103F-16F7-4668-BE54-9A1E7A4F7556}") = "PMA_IdentityService", "PMA_IdentityService\PMA_IdentityService.csproj", "{3996EB09-7214-44CF-ABC8-B979EC38C10B}"
EndProject
Project("{2150E333-8FDC-42A3-9474-1A3956D46DE8}") = "PMA_WorkTimeService", "PMA_WorkTimeService", "{2614A2CF-6712-4A69-AFCA-7CF782EDF229}"
EndProject
Project("{FAE04EC0-301F-11D3-BF4B-00C04F79EFBC}") = "PMA_WorkTimeService", "PMA_WorkTimeService\PMA_WorkTimeService\PMA_WorkTimeService.csproj", "{37C05640-6E9B-437D-BCC9-4BC3093F8C0B}"
EndProject
Global
	GlobalSection(SolutionConfigurationPlatforms) = preSolution
		Debug|Any CPU = Debug|Any CPU
		Release|Any CPU = Release|Any CPU
	EndGlobalSection
	GlobalSection(ProjectConfigurationPlatforms) = postSolution
		{3996EB09-7214-44CF-ABC8-B979EC38C10B}.Debug|Any CPU.ActiveCfg = Debug|Any CPU
		{3996EB09-7214-44CF-ABC8-B979EC38C10B}.Debug|Any CPU.Build.0 = Debug|Any CPU
		{3996EB09-7214-44CF-ABC8-B979EC38C10B}.Release|Any CPU.ActiveCfg = Release|Any CPU
		{3996EB09-7214-44CF-ABC8-B979EC38C10B}.Release|Any CPU.Build.0 = Release|Any CPU
		{37C05640-6E9B-437D-BCC9-4BC3093F8C0B}.Debug|Any CPU.ActiveCfg = Debug|Any CPU
		{37C05640-6E9B-437D-BCC9-4BC3093F8C0B}.Debug|Any CPU.Build.0 = Debug|Any CPU
		{37C05640-6E9B-437D-BCC9-4BC3093F8C0B}.Release|Any CPU.ActiveCfg = Release|Any CPU
		{37C05640-6E9B-437D-BCC9-4BC3093F8C0B}.Release|Any CPU.Build.0 = Release|Any CPU
	EndGlobalSection
	GlobalSection(SolutionProperties) = preSolution
		HideSolutionNode = FALSE
	EndGlobalSection
	GlobalSection(NestedProjects) = preSolution
		{3996EB09-7214-44CF-ABC8-B979EC38C10B} = {01EB6E15-7075-43FD-B51A-E7D30A580417}
		{37C05640-6E9B-437D-BCC9-4BC3093F8C0B} = {2614A2CF-6712-4A69-AFCA-7CF782EDF229}
	EndGlobalSection
	GlobalSection(ExtensibilityGlobals) = postSolution
		SolutionGuid = {3E8BE9CF-A1E2-4CDA-A8CF-523FAA86B389}
	EndGlobalSection
EndGlobal
